
Microsoft Visual Studio Solution File, Format Version 12.00
# Visual Studio 15
VisualStudioVersion = 15.0.27703.2042
MinimumVisualStudioVersion = 10.0.40219.1
Project("{FAE04EC0-301F-11D3-BF4B-00C04F79EFBC}") = "FirstWinForms", "FirstWinForms\FirstWinForms.csproj", "{3F9E5425-E72D-4C33-9949-828117044463}"
EndProject
Project("{FAE04EC0-301F-11D3-BF4B-00C04F79EFBC}") = "GenderCounties", "GenderCounties\GenderCounties.csproj", "{3F97B56B-2418-4FA2-8A5A-0879CEA89EE7}"
EndProject
Project("{FAE04EC0-301F-11D3-BF4B-00C04F79EFBC}") = "EmailValidation", "EmailValidation\EmailValidation.csproj", "{C98493E4-B0A6-4E49-B9C0-FF72CFE0992F}"
EndProject
Project("{FAE04EC0-301F-11D3-BF4B-00C04F79EFBC}") = "MiniCalculator", "MiniCalculator\MiniCalculator.csproj", "{10F8E41B-D105-45A9-B50E-4E99754FB7C2}"
EndProject
Project("{FAE04EC0-301F-11D3-BF4B-00C04F79EFBC}") = "CarSelection", "CarSelection\CarSelection.csproj", "{9C34A5EF-B462-43A7-AEBD-7BDA5D1B228B}"
EndProject
Project("{FAE04EC0-301F-11D3-BF4B-00C04F79EFBC}") = "Calculator", "Calculator\Calculator.csproj", "{B829A7B9-3B96-4ABA-94FF-80B11DC3E706}"
EndProject
Project("{FAE04EC0-301F-11D3-BF4B-00C04F79EFBC}") = "Calculator.Test.Unit", "Calculator.Test.Unit\Calculator.Test.Unit.csproj", "{7D2CE797-65B3-439D-A3AC-53B9636DA633}"
EndProject
Project("{FAE04EC0-301F-11D3-BF4B-00C04F79EFBC}") = "WordUnscrambler", "WordUnscrambler\WordUnscrambler.csproj", "{CCFEAA01-15E0-4185-931F-B1177E4B4124}"
EndProject
Project("{FAE04EC0-301F-11D3-BF4B-00C04F79EFBC}") = "WordUnscrambler.Test.Unit", "WordUnscrambler.Test.Unit\WordUnscrambler.Test.Unit.csproj", "{B72B48B4-6A90-494A-B886-4FE86599203D}"
EndProject
Project("{FAE04EC0-301F-11D3-BF4B-00C04F79EFBC}") = "SimpleWebScrapper", "SimpleWebScrapper\SimpleWebScrapper.csproj", "{E43DD81D-FFD8-413E-A321-305A2D57C0C6}"
EndProject
Project("{FAE04EC0-301F-11D3-BF4B-00C04F79EFBC}") = "SimpleWebScrapper.Test.Unit", "SimpleWebScraper.Test.Unit\SimpleWebScrapper.Test.Unit.csproj", "{A40D9401-8C96-4A8E-B882-23234E7CB14D}"
EndProject
Project("{FAE04EC0-301F-11D3-BF4B-00C04F79EFBC}") = "SudokuSolver", "SudokuSolver\SudokuSolver.csproj", "{3155C243-ACA4-4073-8B03-4D284BD4FEAF}"
EndProject
Global
	GlobalSection(SolutionConfigurationPlatforms) = preSolution
		Debug|Any CPU = Debug|Any CPU
		Release|Any CPU = Release|Any CPU
	EndGlobalSection
	GlobalSection(ProjectConfigurationPlatforms) = postSolution
		{3F9E5425-E72D-4C33-9949-828117044463}.Debug|Any CPU.ActiveCfg = Debug|Any CPU
		{3F9E5425-E72D-4C33-9949-828117044463}.Debug|Any CPU.Build.0 = Debug|Any CPU
		{3F9E5425-E72D-4C33-9949-828117044463}.Release|Any CPU.ActiveCfg = Release|Any CPU
		{3F9E5425-E72D-4C33-9949-828117044463}.Release|Any CPU.Build.0 = Release|Any CPU
		{3F97B56B-2418-4FA2-8A5A-0879CEA89EE7}.Debug|Any CPU.ActiveCfg = Debug|Any CPU
		{3F97B56B-2418-4FA2-8A5A-0879CEA89EE7}.Debug|Any CPU.Build.0 = Debug|Any CPU
		{3F97B56B-2418-4FA2-8A5A-0879CEA89EE7}.Release|Any CPU.ActiveCfg = Release|Any CPU
		{3F97B56B-2418-4FA2-8A5A-0879CEA89EE7}.Release|Any CPU.Build.0 = Release|Any CPU
		{C98493E4-B0A6-4E49-B9C0-FF72CFE0992F}.Debug|Any CPU.ActiveCfg = Debug|Any CPU
		{C98493E4-B0A6-4E49-B9C0-FF72CFE0992F}.Debug|Any CPU.Build.0 = Debug|Any CPU
		{C98493E4-B0A6-4E49-B9C0-FF72CFE0992F}.Release|Any CPU.ActiveCfg = Release|Any CPU
		{C98493E4-B0A6-4E49-B9C0-FF72CFE0992F}.Release|Any CPU.Build.0 = Release|Any CPU
		{10F8E41B-D105-45A9-B50E-4E99754FB7C2}.Debug|Any CPU.ActiveCfg = Debug|Any CPU
		{10F8E41B-D105-45A9-B50E-4E99754FB7C2}.Debug|Any CPU.Build.0 = Debug|Any CPU
		{10F8E41B-D105-45A9-B50E-4E99754FB7C2}.Release|Any CPU.ActiveCfg = Release|Any CPU
		{10F8E41B-D105-45A9-B50E-4E99754FB7C2}.Release|Any CPU.Build.0 = Release|Any CPU
		{9C34A5EF-B462-43A7-AEBD-7BDA5D1B228B}.Debug|Any CPU.ActiveCfg = Debug|Any CPU
		{9C34A5EF-B462-43A7-AEBD-7BDA5D1B228B}.Debug|Any CPU.Build.0 = Debug|Any CPU
		{9C34A5EF-B462-43A7-AEBD-7BDA5D1B228B}.Release|Any CPU.ActiveCfg = Release|Any CPU
		{9C34A5EF-B462-43A7-AEBD-7BDA5D1B228B}.Release|Any CPU.Build.0 = Release|Any CPU
		{B829A7B9-3B96-4ABA-94FF-80B11DC3E706}.Debug|Any CPU.ActiveCfg = Debug|Any CPU
		{B829A7B9-3B96-4ABA-94FF-80B11DC3E706}.Debug|Any CPU.Build.0 = Debug|Any CPU
		{B829A7B9-3B96-4ABA-94FF-80B11DC3E706}.Release|Any CPU.ActiveCfg = Release|Any CPU
		{B829A7B9-3B96-4ABA-94FF-80B11DC3E706}.Release|Any CPU.Build.0 = Release|Any CPU
		{7D2CE797-65B3-439D-A3AC-53B9636DA633}.Debug|Any CPU.ActiveCfg = Debug|Any CPU
		{7D2CE797-65B3-439D-A3AC-53B9636DA633}.Debug|Any CPU.Build.0 = Debug|Any CPU
		{7D2CE797-65B3-439D-A3AC-53B9636DA633}.Release|Any CPU.ActiveCfg = Release|Any CPU
		{7D2CE797-65B3-439D-A3AC-53B9636DA633}.Release|Any CPU.Build.0 = Release|Any CPU
		{CCFEAA01-15E0-4185-931F-B1177E4B4124}.Debug|Any CPU.ActiveCfg = Debug|Any CPU
		{CCFEAA01-15E0-4185-931F-B1177E4B4124}.Debug|Any CPU.Build.0 = Debug|Any CPU
		{CCFEAA01-15E0-4185-931F-B1177E4B4124}.Release|Any CPU.ActiveCfg = Release|Any CPU
		{CCFEAA01-15E0-4185-931F-B1177E4B4124}.Release|Any CPU.Build.0 = Release|Any CPU
		{B72B48B4-6A90-494A-B886-4FE86599203D}.Debug|Any CPU.ActiveCfg = Debug|Any CPU
		{B72B48B4-6A90-494A-B886-4FE86599203D}.Debug|Any CPU.Build.0 = Debug|Any CPU
		{B72B48B4-6A90-494A-B886-4FE86599203D}.Release|Any CPU.ActiveCfg = Release|Any CPU
		{B72B48B4-6A90-494A-B886-4FE86599203D}.Release|Any CPU.Build.0 = Release|Any CPU
		{E43DD81D-FFD8-413E-A321-305A2D57C0C6}.Debug|Any CPU.ActiveCfg = Debug|Any CPU
		{E43DD81D-FFD8-413E-A321-305A2D57C0C6}.Debug|Any CPU.Build.0 = Debug|Any CPU
		{E43DD81D-FFD8-413E-A321-305A2D57C0C6}.Release|Any CPU.ActiveCfg = Release|Any CPU
		{E43DD81D-FFD8-413E-A321-305A2D57C0C6}.Release|Any CPU.Build.0 = Release|Any CPU
		{A40D9401-8C96-4A8E-B882-23234E7CB14D}.Debug|Any CPU.ActiveCfg = Debug|Any CPU
		{A40D9401-8C96-4A8E-B882-23234E7CB14D}.Debug|Any CPU.Build.0 = Debug|Any CPU
		{A40D9401-8C96-4A8E-B882-23234E7CB14D}.Release|Any CPU.ActiveCfg = Release|Any CPU
		{A40D9401-8C96-4A8E-B882-23234E7CB14D}.Release|Any CPU.Build.0 = Release|Any CPU
		{3155C243-ACA4-4073-8B03-4D284BD4FEAF}.Debug|Any CPU.ActiveCfg = Debug|Any CPU
		{3155C243-ACA4-4073-8B03-4D284BD4FEAF}.Debug|Any CPU.Build.0 = Debug|Any CPU
		{3155C243-ACA4-4073-8B03-4D284BD4FEAF}.Release|Any CPU.ActiveCfg = Release|Any CPU
		{3155C243-ACA4-4073-8B03-4D284BD4FEAF}.Release|Any CPU.Build.0 = Release|Any CPU
	EndGlobalSection
	GlobalSection(SolutionProperties) = preSolution
		HideSolutionNode = FALSE
	EndGlobalSection
	GlobalSection(ExtensibilityGlobals) = postSolution
		SolutionGuid = {23721E30-C382-490B-A43D-E77CBF4BBFE2}
	EndGlobalSection
EndGlobal
