
Microsoft Visual Studio Solution File, Format Version 12.00
# Visual Studio 15
VisualStudioVersion = 15.0.27703.2042
MinimumVisualStudioVersion = 10.0.40219.1
Project("{FAE04EC0-301F-11D3-BF4B-00C04F79EFBC}") = "FirstWinForms", "FirstWinForms\FirstWinForms.csproj", "{3F9E5425-E72D-4C33-9949-828117044463}"
EndProject
Project("{FAE04EC0-301F-11D3-BF4B-00C04F79EFBC}") = "GenderCounties", "GenderCounties\GenderCounties.csproj", "{3F97B56B-2418-4FA2-8A5A-0879CEA89EE7}"
EndProject
Project("{FAE04EC0-301F-11D3-BF4B-00C04F79EFBC}") = "EmailValidation", "EmailValidation\EmailValidation.csproj", "{C98493E4-B0A6-4E49-B9C0-FF72CFE0992F}"
EndProject
Project("{FAE04EC0-301F-11D3-BF4B-00C04F79EFBC}") = "MiniCalculator", "MiniCalculator\MiniCalculator.csproj", "{10F8E41B-D105-45A9-B50E-4E99754FB7C2}"
EndProject
Global
	GlobalSection(SolutionConfigurationPlatforms) = preSolution
		Debug|Any CPU = Debug|Any CPU
		Release|Any CPU = Release|Any CPU
	EndGlobalSection
	GlobalSection(ProjectConfigurationPlatforms) = postSolution
		{3F9E5425-E72D-4C33-9949-828117044463}.Debug|Any CPU.ActiveCfg = Debug|Any CPU
		{3F9E5425-E72D-4C33-9949-828117044463}.Debug|Any CPU.Build.0 = Debug|Any CPU
		{3F9E5425-E72D-4C33-9949-828117044463}.Release|Any CPU.ActiveCfg = Release|Any CPU
		{3F9E5425-E72D-4C33-9949-828117044463}.Release|Any CPU.Build.0 = Release|Any CPU
		{3F97B56B-2418-4FA2-8A5A-0879CEA89EE7}.Debug|Any CPU.ActiveCfg = Debug|Any CPU
		{3F97B56B-2418-4FA2-8A5A-0879CEA89EE7}.Debug|Any CPU.Build.0 = Debug|Any CPU
		{3F97B56B-2418-4FA2-8A5A-0879CEA89EE7}.Release|Any CPU.ActiveCfg = Release|Any CPU
		{3F97B56B-2418-4FA2-8A5A-0879CEA89EE7}.Release|Any CPU.Build.0 = Release|Any CPU
		{C98493E4-B0A6-4E49-B9C0-FF72CFE0992F}.Debug|Any CPU.ActiveCfg = Debug|Any CPU
		{C98493E4-B0A6-4E49-B9C0-FF72CFE0992F}.Debug|Any CPU.Build.0 = Debug|Any CPU
		{C98493E4-B0A6-4E49-B9C0-FF72CFE0992F}.Release|Any CPU.ActiveCfg = Release|Any CPU
		{C98493E4-B0A6-4E49-B9C0-FF72CFE0992F}.Release|Any CPU.Build.0 = Release|Any CPU
		{10F8E41B-D105-45A9-B50E-4E99754FB7C2}.Debug|Any CPU.ActiveCfg = Debug|Any CPU
		{10F8E41B-D105-45A9-B50E-4E99754FB7C2}.Debug|Any CPU.Build.0 = Debug|Any CPU
		{10F8E41B-D105-45A9-B50E-4E99754FB7C2}.Release|Any CPU.ActiveCfg = Release|Any CPU
		{10F8E41B-D105-45A9-B50E-4E99754FB7C2}.Release|Any CPU.Build.0 = Release|Any CPU
	EndGlobalSection
	GlobalSection(SolutionProperties) = preSolution
		HideSolutionNode = FALSE
	EndGlobalSection
	GlobalSection(ExtensibilityGlobals) = postSolution
		SolutionGuid = {23721E30-C382-490B-A43D-E77CBF4BBFE2}
	EndGlobalSection
EndGlobal
